// !$*UTF8*$!
{
	archiveVersion = 1;
	classes = {
	};
	objectVersion = 50;
	objects = {

/* Begin PBXBuildFile section */
		BF00455823E5592D00F07111 /* AppDelegate.swift in Sources */ = {isa = PBXBuildFile; fileRef = BF00455723E5592D00F07111 /* AppDelegate.swift */; };
		BF00455A23E5592D00F07111 /* Document.swift in Sources */ = {isa = PBXBuildFile; fileRef = BF00455923E5592D00F07111 /* Document.swift */; };
		BF00455C23E5592D00F07111 /* ContentView.swift in Sources */ = {isa = PBXBuildFile; fileRef = BF00455B23E5592D00F07111 /* ContentView.swift */; };
		BF00455E23E5592D00F07111 /* Assets.xcassets in Resources */ = {isa = PBXBuildFile; fileRef = BF00455D23E5592D00F07111 /* Assets.xcassets */; };
		BF00456123E5592D00F07111 /* Preview Assets.xcassets in Resources */ = {isa = PBXBuildFile; fileRef = BF00456023E5592D00F07111 /* Preview Assets.xcassets */; };
		BF00456423E5592D00F07111 /* Main.storyboard in Resources */ = {isa = PBXBuildFile; fileRef = BF00456223E5592D00F07111 /* Main.storyboard */; };
		BF0045C223E5597000F07111 /* BitSet.swift in Sources */ = {isa = PBXBuildFile; fileRef = BF00456C23E5596F00F07111 /* BitSet.swift */; };
		BF0045C323E5597000F07111 /* StackSegment.swift in Sources */ = {isa = PBXBuildFile; fileRef = BF00456E23E5596F00F07111 /* StackSegment.swift */; };
		BF0045C423E5597000F07111 /* CodeSegment.swift in Sources */ = {isa = PBXBuildFile; fileRef = BF00456F23E5596F00F07111 /* CodeSegment.swift */; };
		BF0045C523E5597000F07111 /* InstructionVector.swift in Sources */ = {isa = PBXBuildFile; fileRef = BF00457023E5596F00F07111 /* InstructionVector.swift */; };
		BF0045C623E5597000F07111 /* MemorySegment.swift in Sources */ = {isa = PBXBuildFile; fileRef = BF00457123E5596F00F07111 /* MemorySegment.swift */; };
		BF0045C723E5597000F07111 /* DataSegment.swift in Sources */ = {isa = PBXBuildFile; fileRef = BF00457223E5596F00F07111 /* DataSegment.swift */; };
		BF0045C823E5597000F07111 /* Memory.swift in Sources */ = {isa = PBXBuildFile; fileRef = BF00457323E5596F00F07111 /* Memory.swift */; };
		BF0045C923E5597000F07111 /* Header.swift in Sources */ = {isa = PBXBuildFile; fileRef = BF00457423E5596F00F07111 /* Header.swift */; };
		BF0045CA23E5597000F07111 /* ManagedSegment.swift in Sources */ = {isa = PBXBuildFile; fileRef = BF00457523E5596F00F07111 /* ManagedSegment.swift */; };
		BF0045CB23E5597000F07111 /* StaticSegment.swift in Sources */ = {isa = PBXBuildFile; fileRef = BF00457623E5596F00F07111 /* StaticSegment.swift */; };
		BF0045CC23E5597000F07111 /* Line.swift in Sources */ = {isa = PBXBuildFile; fileRef = BF00457723E5596F00F07111 /* Line.swift */; };
		BF0045CD23E5597000F07111 /* Array+Extensions.swift in Sources */ = {isa = PBXBuildFile; fileRef = BF00457923E5596F00F07111 /* Array+Extensions.swift */; };
		BF0045CE23E5597000F07111 /* Int+Extensions.swift in Sources */ = {isa = PBXBuildFile; fileRef = BF00457A23E5596F00F07111 /* Int+Extensions.swift */; };
		BF0045CF23E5597000F07111 /* Proton.Integer+Extensions.swift in Sources */ = {isa = PBXBuildFile; fileRef = BF00457B23E5596F00F07111 /* Proton.Integer+Extensions.swift */; };
		BF0045D123E5597000F07111 /* Float64+Extensions.swift in Sources */ = {isa = PBXBuildFile; fileRef = BF00457D23E5596F00F07111 /* Float64+Extensions.swift */; };
		BF0045D223E5597000F07111 /* String+Hashing.swift in Sources */ = {isa = PBXBuildFile; fileRef = BF00457E23E5596F00F07111 /* String+Hashing.swift */; };
		BF0045D323E5597000F07111 /* SlotOffset+Extensions.swift in Sources */ = {isa = PBXBuildFile; fileRef = BF00457F23E5596F00F07111 /* SlotOffset+Extensions.swift */; };
		BF0045D423E5597000F07111 /* Proton.Address + Extensions.swift in Sources */ = {isa = PBXBuildFile; fileRef = BF00458023E5596F00F07111 /* Proton.Address + Extensions.swift */; };
		BF0045D523E5597000F07111 /* SlotIndex+Extensions.swift in Sources */ = {isa = PBXBuildFile; fileRef = BF00458123E5596F00F07111 /* SlotIndex+Extensions.swift */; };
		BF0045D623E5597000F07111 /* Word+Extensions.swift in Sources */ = {isa = PBXBuildFile; fileRef = BF00458223E5596F00F07111 /* Word+Extensions.swift */; };
		BF0045D723E5597000F07111 /* ValueHolder.swift in Sources */ = {isa = PBXBuildFile; fileRef = BF00458423E5596F00F07111 /* ValueHolder.swift */; };
		BF0045D823E5597000F07111 /* Instruction.swift in Sources */ = {isa = PBXBuildFile; fileRef = BF00458623E5596F00F07111 /* Instruction.swift */; };
		BF0045D923E5597000F07111 /* IndexVector.swift in Sources */ = {isa = PBXBuildFile; fileRef = BF00458723E5596F00F07111 /* IndexVector.swift */; };
		BF0045DB23E5597000F07111 /* TreeValue.swift in Sources */ = {isa = PBXBuildFile; fileRef = BF00458A23E5597000F07111 /* TreeValue.swift */; };
		BF0045DC23E5597100F07111 /* ScalarValue.swift in Sources */ = {isa = PBXBuildFile; fileRef = BF00458B23E5597000F07111 /* ScalarValue.swift */; };
		BF0045DD23E5597100F07111 /* Pointer.swift in Sources */ = {isa = PBXBuildFile; fileRef = BF00458C23E5597000F07111 /* Pointer.swift */; };
		BF0045DE23E5597100F07111 /* HashableValue.swift in Sources */ = {isa = PBXBuildFile; fileRef = BF00458D23E5597000F07111 /* HashableValue.swift */; };
		BF0045DF23E5597100F07111 /* CollectionValue.swift in Sources */ = {isa = PBXBuildFile; fileRef = BF00458E23E5597000F07111 /* CollectionValue.swift */; };
		BF0045E023E5597100F07111 /* Key.swift in Sources */ = {isa = PBXBuildFile; fileRef = BF00458F23E5597000F07111 /* Key.swift */; };
		BF0045E123E5597100F07111 /* Value.swift in Sources */ = {isa = PBXBuildFile; fileRef = BF00459023E5597000F07111 /* Value.swift */; };
		BF0045E223E5597100F07111 /* NamedPointer.swift in Sources */ = {isa = PBXBuildFile; fileRef = BF00459123E5597000F07111 /* NamedPointer.swift */; };
		BF0045E323E5597100F07111 /* Log.swift in Sources */ = {isa = PBXBuildFile; fileRef = BF00459323E5597000F07111 /* Log.swift */; };
		BF0045E423E5597100F07111 /* Timer.swift in Sources */ = {isa = PBXBuildFile; fileRef = BF00459423E5597000F07111 /* Timer.swift */; };
		BF0045E523E5597100F07111 /* EnglishWord.swift in Sources */ = {isa = PBXBuildFile; fileRef = BF00459523E5597000F07111 /* EnglishWord.swift */; };
		BF0045E623E5597100F07111 /* Words.text in Resources */ = {isa = PBXBuildFile; fileRef = BF00459623E5597000F07111 /* Words.text */; };
		BF0045E723E5597100F07111 /* Proton.swift in Sources */ = {isa = PBXBuildFile; fileRef = BF00459723E5597000F07111 /* Proton.swift */; };
		BF0045E823E5597100F07111 /* ContractPointer.swift in Sources */ = {isa = PBXBuildFile; fileRef = BF00459A23E5597000F07111 /* ContractPointer.swift */; };
		BF0045E923E5597100F07111 /* EnumerationPointer.swift in Sources */ = {isa = PBXBuildFile; fileRef = BF00459B23E5597000F07111 /* EnumerationPointer.swift */; };
		BF0045EA23E5597100F07111 /* ScalarTypePointer.swift in Sources */ = {isa = PBXBuildFile; fileRef = BF00459C23E5597000F07111 /* ScalarTypePointer.swift */; };
		BF0045EB23E5597100F07111 /* TypePointer.swift in Sources */ = {isa = PBXBuildFile; fileRef = BF00459D23E5597000F07111 /* TypePointer.swift */; };
		BF0045EC23E5597100F07111 /* ScalarPointer.swift in Sources */ = {isa = PBXBuildFile; fileRef = BF00459E23E5597000F07111 /* ScalarPointer.swift */; };
		BF0045ED23E5597100F07111 /* VirtualSlotTypePointer.swift in Sources */ = {isa = PBXBuildFile; fileRef = BF0045A023E5597000F07111 /* VirtualSlotTypePointer.swift */; };
		BF0045EE23E5597100F07111 /* ObjectPointer.swift in Sources */ = {isa = PBXBuildFile; fileRef = BF0045A123E5597000F07111 /* ObjectPointer.swift */; };
		BF0045EF23E5597100F07111 /* SlotPointer.swift in Sources */ = {isa = PBXBuildFile; fileRef = BF0045A223E5597000F07111 /* SlotPointer.swift */; };
		BF0045F023E5597100F07111 /* SystemSlotTypePointer.swift in Sources */ = {isa = PBXBuildFile; fileRef = BF0045A323E5597000F07111 /* SystemSlotTypePointer.swift */; };
		BF0045F123E5597100F07111 /* SystemSlotPointer.swift in Sources */ = {isa = PBXBuildFile; fileRef = BF0045A423E5597000F07111 /* SystemSlotPointer.swift */; };
		BF0045F223E5597100F07111 /* VirtualSlotPointer.swift in Sources */ = {isa = PBXBuildFile; fileRef = BF0045A523E5597000F07111 /* VirtualSlotPointer.swift */; };
		BF0045F323E5597100F07111 /* ValuePointer.swift in Sources */ = {isa = PBXBuildFile; fileRef = BF0045A623E5597000F07111 /* ValuePointer.swift */; };
		BF0045F423E5597100F07111 /* ObjectTypePointer.swift in Sources */ = {isa = PBXBuildFile; fileRef = BF0045A723E5597000F07111 /* ObjectTypePointer.swift */; };
		BF0045F523E5597100F07111 /* DictionaryPointer.swift in Sources */ = {isa = PBXBuildFile; fileRef = BF0045A923E5597000F07111 /* DictionaryPointer.swift */; };
		BF0045F623E5597100F07111 /* ListPointer.swift in Sources */ = {isa = PBXBuildFile; fileRef = BF0045AA23E5597000F07111 /* ListPointer.swift */; };
		BF0045F723E5597100F07111 /* ImmutableStringPointer.swift in Sources */ = {isa = PBXBuildFile; fileRef = BF0045AB23E5597000F07111 /* ImmutableStringPointer.swift */; };
		BF0045F823E5597100F07111 /* SetPointer.swift in Sources */ = {isa = PBXBuildFile; fileRef = BF0045AC23E5597000F07111 /* SetPointer.swift */; };
		BF0045F923E5597100F07111 /* Association.swift in Sources */ = {isa = PBXBuildFile; fileRef = BF0045AD23E5597000F07111 /* Association.swift */; };
		BF0045FA23E5597100F07111 /* ListNodePointer.swift in Sources */ = {isa = PBXBuildFile; fileRef = BF0045AE23E5597000F07111 /* ListNodePointer.swift */; };
		BF0045FB23E5597100F07111 /* TreeNodePointer.swift in Sources */ = {isa = PBXBuildFile; fileRef = BF0045AF23E5597000F07111 /* TreeNodePointer.swift */; };
		BF0045FC23E5597100F07111 /* BitSetPointer.swift in Sources */ = {isa = PBXBuildFile; fileRef = BF0045B023E5597000F07111 /* BitSetPointer.swift */; };
		BF0045FD23E5597100F07111 /* CollectionPointer.swift in Sources */ = {isa = PBXBuildFile; fileRef = BF0045B123E5597000F07111 /* CollectionPointer.swift */; };
		BF0045FE23E5597100F07111 /* StringPointer.swift in Sources */ = {isa = PBXBuildFile; fileRef = BF0045B223E5597000F07111 /* StringPointer.swift */; };
		BF0045FF23E5597100F07111 /* ArrayPointer.swift in Sources */ = {isa = PBXBuildFile; fileRef = BF0045B323E5597000F07111 /* ArrayPointer.swift */; };
		BF00460023E5597100F07111 /* ByteArrayPointer.swift in Sources */ = {isa = PBXBuildFile; fileRef = BF0045B423E5597000F07111 /* ByteArrayPointer.swift */; };
		BF00460123E5597100F07111 /* PackageElementPointer.swift in Sources */ = {isa = PBXBuildFile; fileRef = BF0045B523E5597000F07111 /* PackageElementPointer.swift */; };
		BF00460223E5597100F07111 /* WordBlockPointer.swift in Sources */ = {isa = PBXBuildFile; fileRef = BF0045B623E5597000F07111 /* WordBlockPointer.swift */; };
		BF00460323E5597100F07111 /* PackagePointer.swift in Sources */ = {isa = PBXBuildFile; fileRef = BF0045B723E5597000F07111 /* PackagePointer.swift */; };
		BF00460423E5597100F07111 /* DictionaryBucketNodePointer.swift in Sources */ = {isa = PBXBuildFile; fileRef = BF0045B823E5597000F07111 /* DictionaryBucketNodePointer.swift */; };
		BF00460523E5597100F07111 /* TreePointer.swift in Sources */ = {isa = PBXBuildFile; fileRef = BF0045B923E5597000F07111 /* TreePointer.swift */; };
		BF00460623E5597100F07111 /* CodeBlockPointer.swift in Sources */ = {isa = PBXBuildFile; fileRef = BF0045BB23E5597000F07111 /* CodeBlockPointer.swift */; };
		BF00460723E5597100F07111 /* MethodInstancePointer.swift in Sources */ = {isa = PBXBuildFile; fileRef = BF0045BC23E5597000F07111 /* MethodInstancePointer.swift */; };
		BF00460823E5597100F07111 /* ClosurePointer.swift in Sources */ = {isa = PBXBuildFile; fileRef = BF0045BD23E5597000F07111 /* ClosurePointer.swift */; };
		BF00460923E5597100F07111 /* MethodPointer.swift in Sources */ = {isa = PBXBuildFile; fileRef = BF0045BE23E5597000F07111 /* MethodPointer.swift */; };
		BF00460A23E5597100F07111 /* Preview Assets.xcassets in Resources */ = {isa = PBXBuildFile; fileRef = BF0045C023E5597000F07111 /* Preview Assets.xcassets */; };
		BF00460B23E5597100F07111 /* LanguageTester.argon in Resources */ = {isa = PBXBuildFile; fileRef = BF0045C123E5597000F07111 /* LanguageTester.argon */; };
		BF00461023E5598400F07111 /* RawMemory.c in Sources */ = {isa = PBXBuildFile; fileRef = BF00460E23E5598400F07111 /* RawMemory.c */; };
		BF2488FB23FD2A2F00241E4B /* Double+Extensions.swift in Sources */ = {isa = PBXBuildFile; fileRef = BF2488FA23FD2A2F00241E4B /* Double+Extensions.swift */; };
		BF2488FD23FD91BF00241E4B /* Proton.Byte+Extensions.swift in Sources */ = {isa = PBXBuildFile; fileRef = BF2488FC23FD91BF00241E4B /* Proton.Byte+Extensions.swift */; };
		BF2488FF23FD924D00241E4B /* Proton.Float32+Extensions.swift in Sources */ = {isa = PBXBuildFile; fileRef = BF2488FE23FD924D00241E4B /* Proton.Float32+Extensions.swift */; };
		BF24890123FD927B00241E4B /* Proton.Boolean+Extensions.swift in Sources */ = {isa = PBXBuildFile; fileRef = BF24890023FD927B00241E4B /* Proton.Boolean+Extensions.swift */; };
		BF24890323FD92B400241E4B /* Proton.UInteger+Extensions.swift in Sources */ = {isa = PBXBuildFile; fileRef = BF24890223FD92B400241E4B /* Proton.UInteger+Extensions.swift */; };
		BF34189923FAD7A000F3656C /* Float+Extensions.swift in Sources */ = {isa = PBXBuildFile; fileRef = BF34189823FAD7A000F3656C /* Float+Extensions.swift */; };
		BF34189B23FAD7CD00F3656C /* EnumeratedArray.swift in Sources */ = {isa = PBXBuildFile; fileRef = BF34189A23FAD7CD00F3656C /* EnumeratedArray.swift */; };
		BF36C94B23F9FB8F000C4136 /* PersistentSegment.swift in Sources */ = {isa = PBXBuildFile; fileRef = BF36C94A23F9FB8F000C4136 /* PersistentSegment.swift */; };
		BF36C94D23F9FBC0000C4136 /* PersistentPage.swift in Sources */ = {isa = PBXBuildFile; fileRef = BF36C94C23F9FBC0000C4136 /* PersistentPage.swift */; };
		BF36C94F23F9FC82000C4136 /* PUSHInstruction.swift in Sources */ = {isa = PBXBuildFile; fileRef = BF36C94E23F9FC82000C4136 /* PUSHInstruction.swift */; };
		BF36C95123F9FC90000C4136 /* POPInstruction.swift in Sources */ = {isa = PBXBuildFile; fileRef = BF36C95023F9FC90000C4136 /* POPInstruction.swift */; };
		BF36C95323F9FCE2000C4136 /* MAKEInstruction.swift in Sources */ = {isa = PBXBuildFile; fileRef = BF36C95223F9FCE2000C4136 /* MAKEInstruction.swift */; };
		BF36C95523F9FCFF000C4136 /* ArithmeticInstruction.swift in Sources */ = {isa = PBXBuildFile; fileRef = BF36C95423F9FCFF000C4136 /* ArithmeticInstruction.swift */; };
		BF36C95723F9FD0C000C4136 /* ADDInstruction.swift in Sources */ = {isa = PBXBuildFile; fileRef = BF36C95623F9FD0C000C4136 /* ADDInstruction.swift */; };
		BF36C95923F9FD18000C4136 /* SUBInstruction.swift in Sources */ = {isa = PBXBuildFile; fileRef = BF36C95823F9FD18000C4136 /* SUBInstruction.swift */; };
		BF36C95B23F9FD24000C4136 /* MULInstruction.swift in Sources */ = {isa = PBXBuildFile; fileRef = BF36C95A23F9FD24000C4136 /* MULInstruction.swift */; };
		BF36C95D23F9FD34000C4136 /* DIVInstruction.swift in Sources */ = {isa = PBXBuildFile; fileRef = BF36C95C23F9FD34000C4136 /* DIVInstruction.swift */; };
		BF36C95F23F9FD3E000C4136 /* MODInstruction.swift in Sources */ = {isa = PBXBuildFile; fileRef = BF36C95E23F9FD3E000C4136 /* MODInstruction.swift */; };
		BF36C96123F9FDCD000C4136 /* ANDInstruction.swift in Sources */ = {isa = PBXBuildFile; fileRef = BF36C96023F9FDCD000C4136 /* ANDInstruction.swift */; };
		BF36C96323F9FDDD000C4136 /* ORInstruction.swift in Sources */ = {isa = PBXBuildFile; fileRef = BF36C96223F9FDDD000C4136 /* ORInstruction.swift */; };
		BF36C96523F9FDE8000C4136 /* XORInstruction.swift in Sources */ = {isa = PBXBuildFile; fileRef = BF36C96423F9FDE8000C4136 /* XORInstruction.swift */; };
		BF36C96723F9FDF6000C4136 /* NOTInstruction.swift in Sources */ = {isa = PBXBuildFile; fileRef = BF36C96623F9FDF6000C4136 /* NOTInstruction.swift */; };
		BF36C96923F9FE46000C4136 /* MOVInstruction.swift in Sources */ = {isa = PBXBuildFile; fileRef = BF36C96823F9FE46000C4136 /* MOVInstruction.swift */; };
		BF36C96B23F9FE55000C4136 /* BRInstruction.swift in Sources */ = {isa = PBXBuildFile; fileRef = BF36C96A23F9FE55000C4136 /* BRInstruction.swift */; };
		BF36C96D23F9FE9C000C4136 /* ConditionalBranchInstruction.swift in Sources */ = {isa = PBXBuildFile; fileRef = BF36C96C23F9FE9C000C4136 /* ConditionalBranchInstruction.swift */; };
		BF36C96F23F9FEC5000C4136 /* BREQInstruction.swift in Sources */ = {isa = PBXBuildFile; fileRef = BF36C96E23F9FEC5000C4136 /* BREQInstruction.swift */; };
		BF36C97123F9FED5000C4136 /* BRNEQInstruction.swift in Sources */ = {isa = PBXBuildFile; fileRef = BF36C97023F9FED5000C4136 /* BRNEQInstruction.swift */; };
		BF36C97323F9FEE1000C4136 /* BRZInstruction.swift in Sources */ = {isa = PBXBuildFile; fileRef = BF36C97223F9FEE1000C4136 /* BRZInstruction.swift */; };
		BF36C97523F9FEEC000C4136 /* BRNZInstruction.swift in Sources */ = {isa = PBXBuildFile; fileRef = BF36C97423F9FEEC000C4136 /* BRNZInstruction.swift */; };
		BF36C97723F9FF42000C4136 /* BRGTInstruction.swift in Sources */ = {isa = PBXBuildFile; fileRef = BF36C97623F9FF42000C4136 /* BRGTInstruction.swift */; };
		BF36C97923F9FF53000C4136 /* BTGTEQInstruction.swift in Sources */ = {isa = PBXBuildFile; fileRef = BF36C97823F9FF53000C4136 /* BTGTEQInstruction.swift */; };
		BF36C97B23F9FF5F000C4136 /* BRLTInstruction.swift in Sources */ = {isa = PBXBuildFile; fileRef = BF36C97A23F9FF5F000C4136 /* BRLTInstruction.swift */; };
		BF36C97D23F9FF6D000C4136 /* BRLTEQInstruction.swift in Sources */ = {isa = PBXBuildFile; fileRef = BF36C97C23F9FF6D000C4136 /* BRLTEQInstruction.swift */; };
		BF36C97F23F9FFBF000C4136 /* SLOTGETInstruction.swift in Sources */ = {isa = PBXBuildFile; fileRef = BF36C97E23F9FFBF000C4136 /* SLOTGETInstruction.swift */; };
		BF36C98123F9FFCF000C4136 /* SLOTSETInstruction.swift in Sources */ = {isa = PBXBuildFile; fileRef = BF36C98023F9FFCF000C4136 /* SLOTSETInstruction.swift */; };
		BF36C98323F9FFDB000C4136 /* CALLInstruction.swift in Sources */ = {isa = PBXBuildFile; fileRef = BF36C98223F9FFDB000C4136 /* CALLInstruction.swift */; };
		BF36C98523F9FFEA000C4136 /* RETInstruction.swift in Sources */ = {isa = PBXBuildFile; fileRef = BF36C98423F9FFEA000C4136 /* RETInstruction.swift */; };
		BF36C98723FA0037000C4136 /* ENTERInstruction.swift in Sources */ = {isa = PBXBuildFile; fileRef = BF36C98623FA0037000C4136 /* ENTERInstruction.swift */; };
		BF36C98923FA0047000C4136 /* LEAVEInstruction.swift in Sources */ = {isa = PBXBuildFile; fileRef = BF36C98823FA0047000C4136 /* LEAVEInstruction.swift */; };
		BF36C98B23FA0053000C4136 /* DISPInstruction.swift in Sources */ = {isa = PBXBuildFile; fileRef = BF36C98A23FA0053000C4136 /* DISPInstruction.swift */; };
		BF36C98E23FA1D49000C4136 /* NOPInstruction.swift in Sources */ = {isa = PBXBuildFile; fileRef = BF36C98D23FA1D49000C4136 /* NOPInstruction.swift */; };
		BF36C99023FA1D59000C4136 /* PUSHPARMInstruction.swift in Sources */ = {isa = PBXBuildFile; fileRef = BF36C98F23FA1D59000C4136 /* PUSHPARMInstruction.swift */; };
		BF3C475123E89F1C008BCF13 /* SlotValue.swift in Sources */ = {isa = PBXBuildFile; fileRef = BF3C475023E89F1C008BCF13 /* SlotValue.swift */; };
		BF3C475423E8BF29008BCF13 /* Thread.swift in Sources */ = {isa = PBXBuildFile; fileRef = BF3C475323E8BF29008BCF13 /* Thread.swift */; };
		BF3C475623E8C615008BCF13 /* Method.swift in Sources */ = {isa = PBXBuildFile; fileRef = BF3C475523E8C615008BCF13 /* Method.swift */; };
		BF3C475823E8C621008BCF13 /* MethodInstance.swift in Sources */ = {isa = PBXBuildFile; fileRef = BF3C475723E8C621008BCF13 /* MethodInstance.swift */; };
		BF3C475A23E8C634008BCF13 /* MethodDispatchGraph.swift in Sources */ = {isa = PBXBuildFile; fileRef = BF3C475923E8C634008BCF13 /* MethodDispatchGraph.swift */; };
		BF5DEF0B23F00F910010D55D /* WordPointer.swift in Sources */ = {isa = PBXBuildFile; fileRef = BF5DEF0A23F00F910010D55D /* WordPointer.swift */; };
		BF5DEF0D23F022A40010D55D /* Mutex.swift in Sources */ = {isa = PBXBuildFile; fileRef = BF5DEF0C23F022A40010D55D /* Mutex.swift */; };
		BF71F56923E827A90016ED08 /* Label.swift in Sources */ = {isa = PBXBuildFile; fileRef = BF71F56823E827A90016ED08 /* Label.swift */; };
		BF71F56C23E83C570016ED08 /* SeamPointer.swift in Sources */ = {isa = PBXBuildFile; fileRef = BF71F56B23E83C570016ED08 /* SeamPointer.swift */; };
		BF71F56E23E83EFE0016ED08 /* VisibilityModifier.swift in Sources */ = {isa = PBXBuildFile; fileRef = BF71F56D23E83EFE0016ED08 /* VisibilityModifier.swift */; };
		BF71F57023E840B90016ED08 /* VergePointer.swift in Sources */ = {isa = PBXBuildFile; fileRef = BF71F56F23E840B90016ED08 /* VergePointer.swift */; };
		BF71F57423E87CDB0016ED08 /* CachedPointer.swift in Sources */ = {isa = PBXBuildFile; fileRef = BF71F57323E87CDB0016ED08 /* CachedPointer.swift */; };
		BF805E4623F81B6400960CF2 /* RecursiveLock.swift in Sources */ = {isa = PBXBuildFile; fileRef = BF805E4523F81B6400960CF2 /* RecursiveLock.swift */; };
		BFA5E1C623FC4D1500DE9427 /* CoercionInstruction.swift in Sources */ = {isa = PBXBuildFile; fileRef = BFA5E1C523FC4D1500DE9427 /* CoercionInstruction.swift */; };
		BFA5E1C823FC4EC900DE9427 /* COERCEINTInstruction.swift in Sources */ = {isa = PBXBuildFile; fileRef = BFA5E1C723FC4EC900DE9427 /* COERCEINTInstruction.swift */; };
		BFA5E1CA23FC507E00DE9427 /* COUF32Instruction.swift in Sources */ = {isa = PBXBuildFile; fileRef = BFA5E1C923FC507E00DE9427 /* COUF32Instruction.swift */; };
		BFA5E1CC23FC50B700DE9427 /* COERCEF32Instruction.swift in Sources */ = {isa = PBXBuildFile; fileRef = BFA5E1CB23FC50B700DE9427 /* COERCEF32Instruction.swift */; };
		BFA5E1CE23FC738400DE9427 /* COERCEF64Instruction.swift in Sources */ = {isa = PBXBuildFile; fileRef = BFA5E1CD23FC738400DE9427 /* COERCEF64Instruction.swift */; };
/* End PBXBuildFile section */

/* Begin PBXFileReference section */
		BF00455423E5592D00F07111 /* ProtonX.app */ = {isa = PBXFileReference; explicitFileType = wrapper.application; includeInIndex = 0; path = ProtonX.app; sourceTree = BUILT_PRODUCTS_DIR; };
		BF00455723E5592D00F07111 /* AppDelegate.swift */ = {isa = PBXFileReference; lastKnownFileType = sourcecode.swift; path = AppDelegate.swift; sourceTree = "<group>"; };
		BF00455923E5592D00F07111 /* Document.swift */ = {isa = PBXFileReference; lastKnownFileType = sourcecode.swift; path = Document.swift; sourceTree = "<group>"; };
		BF00455B23E5592D00F07111 /* ContentView.swift */ = {isa = PBXFileReference; lastKnownFileType = sourcecode.swift; path = ContentView.swift; sourceTree = "<group>"; };
		BF00455D23E5592D00F07111 /* Assets.xcassets */ = {isa = PBXFileReference; lastKnownFileType = folder.assetcatalog; path = Assets.xcassets; sourceTree = "<group>"; };
		BF00456023E5592D00F07111 /* Preview Assets.xcassets */ = {isa = PBXFileReference; lastKnownFileType = folder.assetcatalog; path = "Preview Assets.xcassets"; sourceTree = "<group>"; };
		BF00456323E5592D00F07111 /* Base */ = {isa = PBXFileReference; lastKnownFileType = file.storyboard; name = Base; path = Base.lproj/Main.storyboard; sourceTree = "<group>"; };
		BF00456523E5592D00F07111 /* Info.plist */ = {isa = PBXFileReference; lastKnownFileType = text.plist.xml; path = Info.plist; sourceTree = "<group>"; };
		BF00456623E5592D00F07111 /* ProtonX.entitlements */ = {isa = PBXFileReference; lastKnownFileType = text.plist.entitlements; path = ProtonX.entitlements; sourceTree = "<group>"; };
		BF00456C23E5596F00F07111 /* BitSet.swift */ = {isa = PBXFileReference; fileEncoding = 4; lastKnownFileType = sourcecode.swift; path = BitSet.swift; sourceTree = "<group>"; };
		BF00456E23E5596F00F07111 /* StackSegment.swift */ = {isa = PBXFileReference; fileEncoding = 4; lastKnownFileType = sourcecode.swift; path = StackSegment.swift; sourceTree = "<group>"; };
		BF00456F23E5596F00F07111 /* CodeSegment.swift */ = {isa = PBXFileReference; fileEncoding = 4; lastKnownFileType = sourcecode.swift; path = CodeSegment.swift; sourceTree = "<group>"; };
		BF00457023E5596F00F07111 /* InstructionVector.swift */ = {isa = PBXFileReference; fileEncoding = 4; lastKnownFileType = sourcecode.swift; path = InstructionVector.swift; sourceTree = "<group>"; };
		BF00457123E5596F00F07111 /* MemorySegment.swift */ = {isa = PBXFileReference; fileEncoding = 4; lastKnownFileType = sourcecode.swift; path = MemorySegment.swift; sourceTree = "<group>"; };
		BF00457223E5596F00F07111 /* DataSegment.swift */ = {isa = PBXFileReference; fileEncoding = 4; lastKnownFileType = sourcecode.swift; path = DataSegment.swift; sourceTree = "<group>"; };
		BF00457323E5596F00F07111 /* Memory.swift */ = {isa = PBXFileReference; fileEncoding = 4; lastKnownFileType = sourcecode.swift; path = Memory.swift; sourceTree = "<group>"; };
		BF00457423E5596F00F07111 /* Header.swift */ = {isa = PBXFileReference; fileEncoding = 4; lastKnownFileType = sourcecode.swift; path = Header.swift; sourceTree = "<group>"; };
		BF00457523E5596F00F07111 /* ManagedSegment.swift */ = {isa = PBXFileReference; fileEncoding = 4; lastKnownFileType = sourcecode.swift; path = ManagedSegment.swift; sourceTree = "<group>"; };
		BF00457623E5596F00F07111 /* StaticSegment.swift */ = {isa = PBXFileReference; fileEncoding = 4; lastKnownFileType = sourcecode.swift; path = StaticSegment.swift; sourceTree = "<group>"; };
		BF00457723E5596F00F07111 /* Line.swift */ = {isa = PBXFileReference; fileEncoding = 4; lastKnownFileType = sourcecode.swift; path = Line.swift; sourceTree = "<group>"; };
		BF00457923E5596F00F07111 /* Array+Extensions.swift */ = {isa = PBXFileReference; fileEncoding = 4; lastKnownFileType = sourcecode.swift; path = "Array+Extensions.swift"; sourceTree = "<group>"; };
		BF00457A23E5596F00F07111 /* Int+Extensions.swift */ = {isa = PBXFileReference; fileEncoding = 4; lastKnownFileType = sourcecode.swift; path = "Int+Extensions.swift"; sourceTree = "<group>"; };
		BF00457B23E5596F00F07111 /* Proton.Integer+Extensions.swift */ = {isa = PBXFileReference; fileEncoding = 4; lastKnownFileType = sourcecode.swift; path = "Proton.Integer+Extensions.swift"; sourceTree = "<group>"; };
		BF00457D23E5596F00F07111 /* Float64+Extensions.swift */ = {isa = PBXFileReference; fileEncoding = 4; lastKnownFileType = sourcecode.swift; path = "Float64+Extensions.swift"; sourceTree = "<group>"; };
		BF00457E23E5596F00F07111 /* String+Hashing.swift */ = {isa = PBXFileReference; fileEncoding = 4; lastKnownFileType = sourcecode.swift; path = "String+Hashing.swift"; sourceTree = "<group>"; };
		BF00457F23E5596F00F07111 /* SlotOffset+Extensions.swift */ = {isa = PBXFileReference; fileEncoding = 4; lastKnownFileType = sourcecode.swift; path = "SlotOffset+Extensions.swift"; sourceTree = "<group>"; };
		BF00458023E5596F00F07111 /* Proton.Address + Extensions.swift */ = {isa = PBXFileReference; fileEncoding = 4; lastKnownFileType = sourcecode.swift; path = "Proton.Address + Extensions.swift"; sourceTree = "<group>"; };
		BF00458123E5596F00F07111 /* SlotIndex+Extensions.swift */ = {isa = PBXFileReference; fileEncoding = 4; lastKnownFileType = sourcecode.swift; path = "SlotIndex+Extensions.swift"; sourceTree = "<group>"; };
		BF00458223E5596F00F07111 /* Word+Extensions.swift */ = {isa = PBXFileReference; fileEncoding = 4; lastKnownFileType = sourcecode.swift; path = "Word+Extensions.swift"; sourceTree = "<group>"; };
		BF00458423E5596F00F07111 /* ValueHolder.swift */ = {isa = PBXFileReference; fileEncoding = 4; lastKnownFileType = sourcecode.swift; path = ValueHolder.swift; sourceTree = "<group>"; };
		BF00458623E5596F00F07111 /* Instruction.swift */ = {isa = PBXFileReference; fileEncoding = 4; lastKnownFileType = sourcecode.swift; path = Instruction.swift; sourceTree = "<group>"; };
		BF00458723E5596F00F07111 /* IndexVector.swift */ = {isa = PBXFileReference; fileEncoding = 4; lastKnownFileType = sourcecode.swift; path = IndexVector.swift; sourceTree = "<group>"; };
		BF00458A23E5597000F07111 /* TreeValue.swift */ = {isa = PBXFileReference; fileEncoding = 4; lastKnownFileType = sourcecode.swift; path = TreeValue.swift; sourceTree = "<group>"; };
		BF00458B23E5597000F07111 /* ScalarValue.swift */ = {isa = PBXFileReference; fileEncoding = 4; lastKnownFileType = sourcecode.swift; path = ScalarValue.swift; sourceTree = "<group>"; };
		BF00458C23E5597000F07111 /* Pointer.swift */ = {isa = PBXFileReference; fileEncoding = 4; lastKnownFileType = sourcecode.swift; path = Pointer.swift; sourceTree = "<group>"; };
		BF00458D23E5597000F07111 /* HashableValue.swift */ = {isa = PBXFileReference; fileEncoding = 4; lastKnownFileType = sourcecode.swift; path = HashableValue.swift; sourceTree = "<group>"; };
		BF00458E23E5597000F07111 /* CollectionValue.swift */ = {isa = PBXFileReference; fileEncoding = 4; lastKnownFileType = sourcecode.swift; path = CollectionValue.swift; sourceTree = "<group>"; };
		BF00458F23E5597000F07111 /* Key.swift */ = {isa = PBXFileReference; fileEncoding = 4; lastKnownFileType = sourcecode.swift; path = Key.swift; sourceTree = "<group>"; };
		BF00459023E5597000F07111 /* Value.swift */ = {isa = PBXFileReference; fileEncoding = 4; lastKnownFileType = sourcecode.swift; path = Value.swift; sourceTree = "<group>"; };
		BF00459123E5597000F07111 /* NamedPointer.swift */ = {isa = PBXFileReference; fileEncoding = 4; lastKnownFileType = sourcecode.swift; path = NamedPointer.swift; sourceTree = "<group>"; };
		BF00459323E5597000F07111 /* Log.swift */ = {isa = PBXFileReference; fileEncoding = 4; lastKnownFileType = sourcecode.swift; path = Log.swift; sourceTree = "<group>"; };
		BF00459423E5597000F07111 /* Timer.swift */ = {isa = PBXFileReference; fileEncoding = 4; lastKnownFileType = sourcecode.swift; path = Timer.swift; sourceTree = "<group>"; };
		BF00459523E5597000F07111 /* EnglishWord.swift */ = {isa = PBXFileReference; fileEncoding = 4; lastKnownFileType = sourcecode.swift; path = EnglishWord.swift; sourceTree = "<group>"; };
		BF00459623E5597000F07111 /* Words.text */ = {isa = PBXFileReference; fileEncoding = 4; lastKnownFileType = net.daringfireball.markdown; path = Words.text; sourceTree = "<group>"; };
		BF00459723E5597000F07111 /* Proton.swift */ = {isa = PBXFileReference; fileEncoding = 4; lastKnownFileType = sourcecode.swift; path = Proton.swift; sourceTree = "<group>"; };
		BF00459A23E5597000F07111 /* ContractPointer.swift */ = {isa = PBXFileReference; fileEncoding = 4; lastKnownFileType = sourcecode.swift; path = ContractPointer.swift; sourceTree = "<group>"; };
		BF00459B23E5597000F07111 /* EnumerationPointer.swift */ = {isa = PBXFileReference; fileEncoding = 4; lastKnownFileType = sourcecode.swift; path = EnumerationPointer.swift; sourceTree = "<group>"; };
		BF00459C23E5597000F07111 /* ScalarTypePointer.swift */ = {isa = PBXFileReference; fileEncoding = 4; lastKnownFileType = sourcecode.swift; path = ScalarTypePointer.swift; sourceTree = "<group>"; };
		BF00459D23E5597000F07111 /* TypePointer.swift */ = {isa = PBXFileReference; fileEncoding = 4; lastKnownFileType = sourcecode.swift; path = TypePointer.swift; sourceTree = "<group>"; };
		BF00459E23E5597000F07111 /* ScalarPointer.swift */ = {isa = PBXFileReference; fileEncoding = 4; lastKnownFileType = sourcecode.swift; path = ScalarPointer.swift; sourceTree = "<group>"; };
		BF0045A023E5597000F07111 /* VirtualSlotTypePointer.swift */ = {isa = PBXFileReference; fileEncoding = 4; lastKnownFileType = sourcecode.swift; path = VirtualSlotTypePointer.swift; sourceTree = "<group>"; };
		BF0045A123E5597000F07111 /* ObjectPointer.swift */ = {isa = PBXFileReference; fileEncoding = 4; lastKnownFileType = sourcecode.swift; path = ObjectPointer.swift; sourceTree = "<group>"; };
		BF0045A223E5597000F07111 /* SlotPointer.swift */ = {isa = PBXFileReference; fileEncoding = 4; lastKnownFileType = sourcecode.swift; path = SlotPointer.swift; sourceTree = "<group>"; };
		BF0045A323E5597000F07111 /* SystemSlotTypePointer.swift */ = {isa = PBXFileReference; fileEncoding = 4; lastKnownFileType = sourcecode.swift; path = SystemSlotTypePointer.swift; sourceTree = "<group>"; };
		BF0045A423E5597000F07111 /* SystemSlotPointer.swift */ = {isa = PBXFileReference; fileEncoding = 4; lastKnownFileType = sourcecode.swift; path = SystemSlotPointer.swift; sourceTree = "<group>"; };
		BF0045A523E5597000F07111 /* VirtualSlotPointer.swift */ = {isa = PBXFileReference; fileEncoding = 4; lastKnownFileType = sourcecode.swift; path = VirtualSlotPointer.swift; sourceTree = "<group>"; };
		BF0045A623E5597000F07111 /* ValuePointer.swift */ = {isa = PBXFileReference; fileEncoding = 4; lastKnownFileType = sourcecode.swift; path = ValuePointer.swift; sourceTree = "<group>"; };
		BF0045A723E5597000F07111 /* ObjectTypePointer.swift */ = {isa = PBXFileReference; fileEncoding = 4; lastKnownFileType = sourcecode.swift; path = ObjectTypePointer.swift; sourceTree = "<group>"; };
		BF0045A923E5597000F07111 /* DictionaryPointer.swift */ = {isa = PBXFileReference; fileEncoding = 4; lastKnownFileType = sourcecode.swift; path = DictionaryPointer.swift; sourceTree = "<group>"; };
		BF0045AA23E5597000F07111 /* ListPointer.swift */ = {isa = PBXFileReference; fileEncoding = 4; lastKnownFileType = sourcecode.swift; path = ListPointer.swift; sourceTree = "<group>"; };
		BF0045AB23E5597000F07111 /* ImmutableStringPointer.swift */ = {isa = PBXFileReference; fileEncoding = 4; lastKnownFileType = sourcecode.swift; path = ImmutableStringPointer.swift; sourceTree = "<group>"; };
		BF0045AC23E5597000F07111 /* SetPointer.swift */ = {isa = PBXFileReference; fileEncoding = 4; lastKnownFileType = sourcecode.swift; path = SetPointer.swift; sourceTree = "<group>"; };
		BF0045AD23E5597000F07111 /* Association.swift */ = {isa = PBXFileReference; fileEncoding = 4; lastKnownFileType = sourcecode.swift; path = Association.swift; sourceTree = "<group>"; };
		BF0045AE23E5597000F07111 /* ListNodePointer.swift */ = {isa = PBXFileReference; fileEncoding = 4; lastKnownFileType = sourcecode.swift; path = ListNodePointer.swift; sourceTree = "<group>"; };
		BF0045AF23E5597000F07111 /* TreeNodePointer.swift */ = {isa = PBXFileReference; fileEncoding = 4; lastKnownFileType = sourcecode.swift; path = TreeNodePointer.swift; sourceTree = "<group>"; };
		BF0045B023E5597000F07111 /* BitSetPointer.swift */ = {isa = PBXFileReference; fileEncoding = 4; lastKnownFileType = sourcecode.swift; path = BitSetPointer.swift; sourceTree = "<group>"; };
		BF0045B123E5597000F07111 /* CollectionPointer.swift */ = {isa = PBXFileReference; fileEncoding = 4; lastKnownFileType = sourcecode.swift; path = CollectionPointer.swift; sourceTree = "<group>"; };
		BF0045B223E5597000F07111 /* StringPointer.swift */ = {isa = PBXFileReference; fileEncoding = 4; lastKnownFileType = sourcecode.swift; path = StringPointer.swift; sourceTree = "<group>"; };
		BF0045B323E5597000F07111 /* ArrayPointer.swift */ = {isa = PBXFileReference; fileEncoding = 4; lastKnownFileType = sourcecode.swift; path = ArrayPointer.swift; sourceTree = "<group>"; };
		BF0045B423E5597000F07111 /* ByteArrayPointer.swift */ = {isa = PBXFileReference; fileEncoding = 4; lastKnownFileType = sourcecode.swift; path = ByteArrayPointer.swift; sourceTree = "<group>"; };
		BF0045B523E5597000F07111 /* PackageElementPointer.swift */ = {isa = PBXFileReference; fileEncoding = 4; lastKnownFileType = sourcecode.swift; path = PackageElementPointer.swift; sourceTree = "<group>"; };
		BF0045B623E5597000F07111 /* WordBlockPointer.swift */ = {isa = PBXFileReference; fileEncoding = 4; lastKnownFileType = sourcecode.swift; path = WordBlockPointer.swift; sourceTree = "<group>"; };
		BF0045B723E5597000F07111 /* PackagePointer.swift */ = {isa = PBXFileReference; fileEncoding = 4; lastKnownFileType = sourcecode.swift; path = PackagePointer.swift; sourceTree = "<group>"; };
		BF0045B823E5597000F07111 /* DictionaryBucketNodePointer.swift */ = {isa = PBXFileReference; fileEncoding = 4; lastKnownFileType = sourcecode.swift; path = DictionaryBucketNodePointer.swift; sourceTree = "<group>"; };
		BF0045B923E5597000F07111 /* TreePointer.swift */ = {isa = PBXFileReference; fileEncoding = 4; lastKnownFileType = sourcecode.swift; path = TreePointer.swift; sourceTree = "<group>"; };
		BF0045BB23E5597000F07111 /* CodeBlockPointer.swift */ = {isa = PBXFileReference; fileEncoding = 4; lastKnownFileType = sourcecode.swift; path = CodeBlockPointer.swift; sourceTree = "<group>"; };
		BF0045BC23E5597000F07111 /* MethodInstancePointer.swift */ = {isa = PBXFileReference; fileEncoding = 4; lastKnownFileType = sourcecode.swift; path = MethodInstancePointer.swift; sourceTree = "<group>"; };
		BF0045BD23E5597000F07111 /* ClosurePointer.swift */ = {isa = PBXFileReference; fileEncoding = 4; lastKnownFileType = sourcecode.swift; path = ClosurePointer.swift; sourceTree = "<group>"; };
		BF0045BE23E5597000F07111 /* MethodPointer.swift */ = {isa = PBXFileReference; fileEncoding = 4; lastKnownFileType = sourcecode.swift; path = MethodPointer.swift; sourceTree = "<group>"; };
		BF0045C023E5597000F07111 /* Preview Assets.xcassets */ = {isa = PBXFileReference; lastKnownFileType = folder.assetcatalog; path = "Preview Assets.xcassets"; sourceTree = "<group>"; };
		BF0045C123E5597000F07111 /* LanguageTester.argon */ = {isa = PBXFileReference; fileEncoding = 4; lastKnownFileType = text; path = LanguageTester.argon; sourceTree = "<group>"; };
		BF00460D23E5598400F07111 /* RawMemory.h */ = {isa = PBXFileReference; fileEncoding = 4; lastKnownFileType = sourcecode.c.h; path = RawMemory.h; sourceTree = "<group>"; };
		BF00460E23E5598400F07111 /* RawMemory.c */ = {isa = PBXFileReference; fileEncoding = 4; lastKnownFileType = sourcecode.c.c; path = RawMemory.c; sourceTree = "<group>"; };
		BF00460F23E5598400F07111 /* module.modulemap */ = {isa = PBXFileReference; fileEncoding = 4; lastKnownFileType = "sourcecode.module-map"; path = module.modulemap; sourceTree = "<group>"; };
		BF2488FA23FD2A2F00241E4B /* Double+Extensions.swift */ = {isa = PBXFileReference; lastKnownFileType = sourcecode.swift; path = "Double+Extensions.swift"; sourceTree = "<group>"; };
		BF2488FC23FD91BF00241E4B /* Proton.Byte+Extensions.swift */ = {isa = PBXFileReference; lastKnownFileType = sourcecode.swift; path = "Proton.Byte+Extensions.swift"; sourceTree = "<group>"; };
		BF2488FE23FD924D00241E4B /* Proton.Float32+Extensions.swift */ = {isa = PBXFileReference; lastKnownFileType = sourcecode.swift; path = "Proton.Float32+Extensions.swift"; sourceTree = "<group>"; };
		BF24890023FD927B00241E4B /* Proton.Boolean+Extensions.swift */ = {isa = PBXFileReference; lastKnownFileType = sourcecode.swift; path = "Proton.Boolean+Extensions.swift"; sourceTree = "<group>"; };
		BF24890223FD92B400241E4B /* Proton.UInteger+Extensions.swift */ = {isa = PBXFileReference; lastKnownFileType = sourcecode.swift; path = "Proton.UInteger+Extensions.swift"; sourceTree = "<group>"; };
		BF34189823FAD7A000F3656C /* Float+Extensions.swift */ = {isa = PBXFileReference; lastKnownFileType = sourcecode.swift; path = "Float+Extensions.swift"; sourceTree = "<group>"; };
		BF34189A23FAD7CD00F3656C /* EnumeratedArray.swift */ = {isa = PBXFileReference; lastKnownFileType = sourcecode.swift; path = EnumeratedArray.swift; sourceTree = "<group>"; };
		BF36C94A23F9FB8F000C4136 /* PersistentSegment.swift */ = {isa = PBXFileReference; lastKnownFileType = sourcecode.swift; path = PersistentSegment.swift; sourceTree = "<group>"; };
		BF36C94C23F9FBC0000C4136 /* PersistentPage.swift */ = {isa = PBXFileReference; lastKnownFileType = sourcecode.swift; path = PersistentPage.swift; sourceTree = "<group>"; };
		BF36C94E23F9FC82000C4136 /* PUSHInstruction.swift */ = {isa = PBXFileReference; lastKnownFileType = sourcecode.swift; path = PUSHInstruction.swift; sourceTree = "<group>"; };
		BF36C95023F9FC90000C4136 /* POPInstruction.swift */ = {isa = PBXFileReference; lastKnownFileType = sourcecode.swift; path = POPInstruction.swift; sourceTree = "<group>"; };
		BF36C95223F9FCE2000C4136 /* MAKEInstruction.swift */ = {isa = PBXFileReference; lastKnownFileType = sourcecode.swift; path = MAKEInstruction.swift; sourceTree = "<group>"; };
		BF36C95423F9FCFF000C4136 /* ArithmeticInstruction.swift */ = {isa = PBXFileReference; lastKnownFileType = sourcecode.swift; path = ArithmeticInstruction.swift; sourceTree = "<group>"; };
		BF36C95623F9FD0C000C4136 /* ADDInstruction.swift */ = {isa = PBXFileReference; lastKnownFileType = sourcecode.swift; path = ADDInstruction.swift; sourceTree = "<group>"; };
		BF36C95823F9FD18000C4136 /* SUBInstruction.swift */ = {isa = PBXFileReference; lastKnownFileType = sourcecode.swift; path = SUBInstruction.swift; sourceTree = "<group>"; };
		BF36C95A23F9FD24000C4136 /* MULInstruction.swift */ = {isa = PBXFileReference; lastKnownFileType = sourcecode.swift; path = MULInstruction.swift; sourceTree = "<group>"; };
		BF36C95C23F9FD34000C4136 /* DIVInstruction.swift */ = {isa = PBXFileReference; lastKnownFileType = sourcecode.swift; path = DIVInstruction.swift; sourceTree = "<group>"; };
		BF36C95E23F9FD3E000C4136 /* MODInstruction.swift */ = {isa = PBXFileReference; lastKnownFileType = sourcecode.swift; path = MODInstruction.swift; sourceTree = "<group>"; };
		BF36C96023F9FDCD000C4136 /* ANDInstruction.swift */ = {isa = PBXFileReference; lastKnownFileType = sourcecode.swift; path = ANDInstruction.swift; sourceTree = "<group>"; };
		BF36C96223F9FDDD000C4136 /* ORInstruction.swift */ = {isa = PBXFileReference; lastKnownFileType = sourcecode.swift; path = ORInstruction.swift; sourceTree = "<group>"; };
		BF36C96423F9FDE8000C4136 /* XORInstruction.swift */ = {isa = PBXFileReference; lastKnownFileType = sourcecode.swift; path = XORInstruction.swift; sourceTree = "<group>"; };
		BF36C96623F9FDF6000C4136 /* NOTInstruction.swift */ = {isa = PBXFileReference; lastKnownFileType = sourcecode.swift; path = NOTInstruction.swift; sourceTree = "<group>"; };
		BF36C96823F9FE46000C4136 /* MOVInstruction.swift */ = {isa = PBXFileReference; lastKnownFileType = sourcecode.swift; path = MOVInstruction.swift; sourceTree = "<group>"; };
		BF36C96A23F9FE55000C4136 /* BRInstruction.swift */ = {isa = PBXFileReference; lastKnownFileType = sourcecode.swift; path = BRInstruction.swift; sourceTree = "<group>"; };
		BF36C96C23F9FE9C000C4136 /* ConditionalBranchInstruction.swift */ = {isa = PBXFileReference; lastKnownFileType = sourcecode.swift; path = ConditionalBranchInstruction.swift; sourceTree = "<group>"; };
		BF36C96E23F9FEC5000C4136 /* BREQInstruction.swift */ = {isa = PBXFileReference; lastKnownFileType = sourcecode.swift; path = BREQInstruction.swift; sourceTree = "<group>"; };
		BF36C97023F9FED5000C4136 /* BRNEQInstruction.swift */ = {isa = PBXFileReference; lastKnownFileType = sourcecode.swift; path = BRNEQInstruction.swift; sourceTree = "<group>"; };
		BF36C97223F9FEE1000C4136 /* BRZInstruction.swift */ = {isa = PBXFileReference; lastKnownFileType = sourcecode.swift; path = BRZInstruction.swift; sourceTree = "<group>"; };
		BF36C97423F9FEEC000C4136 /* BRNZInstruction.swift */ = {isa = PBXFileReference; lastKnownFileType = sourcecode.swift; path = BRNZInstruction.swift; sourceTree = "<group>"; };
		BF36C97623F9FF42000C4136 /* BRGTInstruction.swift */ = {isa = PBXFileReference; lastKnownFileType = sourcecode.swift; path = BRGTInstruction.swift; sourceTree = "<group>"; };
		BF36C97823F9FF53000C4136 /* BTGTEQInstruction.swift */ = {isa = PBXFileReference; lastKnownFileType = sourcecode.swift; path = BTGTEQInstruction.swift; sourceTree = "<group>"; };
		BF36C97A23F9FF5F000C4136 /* BRLTInstruction.swift */ = {isa = PBXFileReference; lastKnownFileType = sourcecode.swift; path = BRLTInstruction.swift; sourceTree = "<group>"; };
		BF36C97C23F9FF6D000C4136 /* BRLTEQInstruction.swift */ = {isa = PBXFileReference; lastKnownFileType = sourcecode.swift; path = BRLTEQInstruction.swift; sourceTree = "<group>"; };
		BF36C97E23F9FFBF000C4136 /* SLOTGETInstruction.swift */ = {isa = PBXFileReference; lastKnownFileType = sourcecode.swift; path = SLOTGETInstruction.swift; sourceTree = "<group>"; };
		BF36C98023F9FFCF000C4136 /* SLOTSETInstruction.swift */ = {isa = PBXFileReference; lastKnownFileType = sourcecode.swift; path = SLOTSETInstruction.swift; sourceTree = "<group>"; };
		BF36C98223F9FFDB000C4136 /* CALLInstruction.swift */ = {isa = PBXFileReference; lastKnownFileType = sourcecode.swift; path = CALLInstruction.swift; sourceTree = "<group>"; };
		BF36C98423F9FFEA000C4136 /* RETInstruction.swift */ = {isa = PBXFileReference; lastKnownFileType = sourcecode.swift; path = RETInstruction.swift; sourceTree = "<group>"; };
		BF36C98623FA0037000C4136 /* ENTERInstruction.swift */ = {isa = PBXFileReference; lastKnownFileType = sourcecode.swift; path = ENTERInstruction.swift; sourceTree = "<group>"; };
		BF36C98823FA0047000C4136 /* LEAVEInstruction.swift */ = {isa = PBXFileReference; lastKnownFileType = sourcecode.swift; path = LEAVEInstruction.swift; sourceTree = "<group>"; };
		BF36C98A23FA0053000C4136 /* DISPInstruction.swift */ = {isa = PBXFileReference; lastKnownFileType = sourcecode.swift; path = DISPInstruction.swift; sourceTree = "<group>"; };
		BF36C98D23FA1D49000C4136 /* NOPInstruction.swift */ = {isa = PBXFileReference; lastKnownFileType = sourcecode.swift; path = NOPInstruction.swift; sourceTree = "<group>"; };
		BF36C98F23FA1D59000C4136 /* PUSHPARMInstruction.swift */ = {isa = PBXFileReference; lastKnownFileType = sourcecode.swift; path = PUSHPARMInstruction.swift; sourceTree = "<group>"; };
		BF3C475023E89F1C008BCF13 /* SlotValue.swift */ = {isa = PBXFileReference; lastKnownFileType = sourcecode.swift; path = SlotValue.swift; sourceTree = "<group>"; };
		BF3C475323E8BF29008BCF13 /* Thread.swift */ = {isa = PBXFileReference; lastKnownFileType = sourcecode.swift; path = Thread.swift; sourceTree = "<group>"; };
		BF3C475523E8C615008BCF13 /* Method.swift */ = {isa = PBXFileReference; lastKnownFileType = sourcecode.swift; path = Method.swift; sourceTree = "<group>"; };
		BF3C475723E8C621008BCF13 /* MethodInstance.swift */ = {isa = PBXFileReference; lastKnownFileType = sourcecode.swift; path = MethodInstance.swift; sourceTree = "<group>"; };
		BF3C475923E8C634008BCF13 /* MethodDispatchGraph.swift */ = {isa = PBXFileReference; lastKnownFileType = sourcecode.swift; path = MethodDispatchGraph.swift; sourceTree = "<group>"; };
		BF5DEF0A23F00F910010D55D /* WordPointer.swift */ = {isa = PBXFileReference; lastKnownFileType = sourcecode.swift; path = WordPointer.swift; sourceTree = "<group>"; };
		BF5DEF0C23F022A40010D55D /* Mutex.swift */ = {isa = PBXFileReference; lastKnownFileType = sourcecode.swift; path = Mutex.swift; sourceTree = "<group>"; };
		BF71F56823E827A90016ED08 /* Label.swift */ = {isa = PBXFileReference; lastKnownFileType = sourcecode.swift; path = Label.swift; sourceTree = "<group>"; };
		BF71F56B23E83C570016ED08 /* SeamPointer.swift */ = {isa = PBXFileReference; lastKnownFileType = sourcecode.swift; path = SeamPointer.swift; sourceTree = "<group>"; };
		BF71F56D23E83EFE0016ED08 /* VisibilityModifier.swift */ = {isa = PBXFileReference; lastKnownFileType = sourcecode.swift; path = VisibilityModifier.swift; sourceTree = "<group>"; };
		BF71F56F23E840B90016ED08 /* VergePointer.swift */ = {isa = PBXFileReference; lastKnownFileType = sourcecode.swift; path = VergePointer.swift; sourceTree = "<group>"; };
		BF71F57323E87CDB0016ED08 /* CachedPointer.swift */ = {isa = PBXFileReference; lastKnownFileType = sourcecode.swift; path = CachedPointer.swift; sourceTree = "<group>"; };
		BF805E4523F81B6400960CF2 /* RecursiveLock.swift */ = {isa = PBXFileReference; lastKnownFileType = sourcecode.swift; path = RecursiveLock.swift; sourceTree = "<group>"; };
		BFA5E1C523FC4D1500DE9427 /* CoercionInstruction.swift */ = {isa = PBXFileReference; lastKnownFileType = sourcecode.swift; path = CoercionInstruction.swift; sourceTree = "<group>"; };
		BFA5E1C723FC4EC900DE9427 /* COERCEINTInstruction.swift */ = {isa = PBXFileReference; lastKnownFileType = sourcecode.swift; path = COERCEINTInstruction.swift; sourceTree = "<group>"; };
		BFA5E1C923FC507E00DE9427 /* COUF32Instruction.swift */ = {isa = PBXFileReference; lastKnownFileType = sourcecode.swift; path = COUF32Instruction.swift; sourceTree = "<group>"; };
		BFA5E1CB23FC50B700DE9427 /* COERCEF32Instruction.swift */ = {isa = PBXFileReference; lastKnownFileType = sourcecode.swift; path = COERCEF32Instruction.swift; sourceTree = "<group>"; };
		BFA5E1CD23FC738400DE9427 /* COERCEF64Instruction.swift */ = {isa = PBXFileReference; lastKnownFileType = sourcecode.swift; path = COERCEF64Instruction.swift; sourceTree = "<group>"; };
/* End PBXFileReference section */

/* Begin PBXFrameworksBuildPhase section */
		BF00455123E5592D00F07111 /* Frameworks */ = {
			isa = PBXFrameworksBuildPhase;
			buildActionMask = 2147483647;
			files = (
			);
			runOnlyForDeploymentPostprocessing = 0;
		};
/* End PBXFrameworksBuildPhase section */

/* Begin PBXGroup section */
		BF00454B23E5592D00F07111 = {
			isa = PBXGroup;
			children = (
				BF00455623E5592D00F07111 /* ProtonX */,
				BF00455523E5592D00F07111 /* Products */,
			);
			sourceTree = "<group>";
		};
		BF00455523E5592D00F07111 /* Products */ = {
			isa = PBXGroup;
			children = (
				BF00455423E5592D00F07111 /* ProtonX.app */,
			);
			name = Products;
			sourceTree = "<group>";
		};
		BF00455623E5592D00F07111 /* ProtonX */ = {
			isa = PBXGroup;
			children = (
				BF00459723E5597000F07111 /* Proton.swift */,
				BF00456C23E5596F00F07111 /* BitSet.swift */,
				BF00460C23E5598400F07111 /* RawMemory */,
				BF00458523E5596F00F07111 /* Instructions */,
				BF0045C123E5597000F07111 /* LanguageTester.argon */,
				BF00457723E5596F00F07111 /* Line.swift */,
				BF3C475223E8BF0B008BCF13 /* Execution */,
				BF00456D23E5596F00F07111 /* Memory and Segments */,
				BF00459823E5597000F07111 /* Pointers and Pointer Support */,
				BF0045BF23E5597000F07111 /* Preview Content */,
				BF00458923E5597000F07111 /* Protocols */,
				BF00459223E5597000F07111 /* Support  */,
				BF00457823E5596F00F07111 /* System Type Extensions */,
				BF00459623E5597000F07111 /* Words.text */,
				BF00458323E5596F00F07111 /* Wrappers and Holders */,
				BF00455723E5592D00F07111 /* AppDelegate.swift */,
				BF00455923E5592D00F07111 /* Document.swift */,
				BF00455B23E5592D00F07111 /* ContentView.swift */,
				BF00455D23E5592D00F07111 /* Assets.xcassets */,
				BF00456223E5592D00F07111 /* Main.storyboard */,
				BF00456523E5592D00F07111 /* Info.plist */,
				BF00456623E5592D00F07111 /* ProtonX.entitlements */,
				BF00455F23E5592D00F07111 /* Preview Content */,
			);
			path = ProtonX;
			sourceTree = "<group>";
		};
		BF00455F23E5592D00F07111 /* Preview Content */ = {
			isa = PBXGroup;
			children = (
				BF00456023E5592D00F07111 /* Preview Assets.xcassets */,
			);
			path = "Preview Content";
			sourceTree = "<group>";
		};
		BF00456D23E5596F00F07111 /* Memory and Segments */ = {
			isa = PBXGroup;
			children = (
				BF00456E23E5596F00F07111 /* StackSegment.swift */,
				BF00456F23E5596F00F07111 /* CodeSegment.swift */,
				BF00457023E5596F00F07111 /* InstructionVector.swift */,
				BF00457123E5596F00F07111 /* MemorySegment.swift */,
				BF00457223E5596F00F07111 /* DataSegment.swift */,
				BF00457323E5596F00F07111 /* Memory.swift */,
				BF00457423E5596F00F07111 /* Header.swift */,
				BF00457523E5596F00F07111 /* ManagedSegment.swift */,
				BF00457623E5596F00F07111 /* StaticSegment.swift */,
				BF36C94A23F9FB8F000C4136 /* PersistentSegment.swift */,
				BF36C94C23F9FBC0000C4136 /* PersistentPage.swift */,
			);
			path = "Memory and Segments";
			sourceTree = "<group>";
		};
		BF00457823E5596F00F07111 /* System Type Extensions */ = {
			isa = PBXGroup;
			children = (
				BF00457923E5596F00F07111 /* Array+Extensions.swift */,
				BF00457A23E5596F00F07111 /* Int+Extensions.swift */,
				BF00457B23E5596F00F07111 /* Proton.Integer+Extensions.swift */,
				BF00457D23E5596F00F07111 /* Float64+Extensions.swift */,
				BF00457E23E5596F00F07111 /* String+Hashing.swift */,
				BF00457F23E5596F00F07111 /* SlotOffset+Extensions.swift */,
				BF00458023E5596F00F07111 /* Proton.Address + Extensions.swift */,
				BF00458123E5596F00F07111 /* SlotIndex+Extensions.swift */,
				BF00458223E5596F00F07111 /* Word+Extensions.swift */,
				BF5DEF0A23F00F910010D55D /* WordPointer.swift */,
				BF34189823FAD7A000F3656C /* Float+Extensions.swift */,
				BF2488FA23FD2A2F00241E4B /* Double+Extensions.swift */,
				BF2488FC23FD91BF00241E4B /* Proton.Byte+Extensions.swift */,
				BF2488FE23FD924D00241E4B /* Proton.Float32+Extensions.swift */,
				BF24890023FD927B00241E4B /* Proton.Boolean+Extensions.swift */,
				BF24890223FD92B400241E4B /* Proton.UInteger+Extensions.swift */,
			);
			path = "System Type Extensions";
			sourceTree = "<group>";
		};
		BF00458323E5596F00F07111 /* Wrappers and Holders */ = {
			isa = PBXGroup;
			children = (
				BF00458423E5596F00F07111 /* ValueHolder.swift */,
			);
			path = "Wrappers and Holders";
			sourceTree = "<group>";
		};
		BF00458523E5596F00F07111 /* Instructions */ = {
			isa = PBXGroup;
			children = (
				BF00458623E5596F00F07111 /* Instruction.swift */,
				BF00458723E5596F00F07111 /* IndexVector.swift */,
				BF36C98C23FA0096000C4136 /* Opcodes */,
			);
			path = Instructions;
			sourceTree = "<group>";
		};
		BF00458923E5597000F07111 /* Protocols */ = {
			isa = PBXGroup;
			children = (
				BF00458A23E5597000F07111 /* TreeValue.swift */,
				BF00458B23E5597000F07111 /* ScalarValue.swift */,
				BF00458C23E5597000F07111 /* Pointer.swift */,
				BF00458D23E5597000F07111 /* HashableValue.swift */,
				BF00458E23E5597000F07111 /* CollectionValue.swift */,
				BF00458F23E5597000F07111 /* Key.swift */,
				BF00459023E5597000F07111 /* Value.swift */,
				BF00459123E5597000F07111 /* NamedPointer.swift */,
				BF71F57323E87CDB0016ED08 /* CachedPointer.swift */,
			);
			path = Protocols;
			sourceTree = "<group>";
		};
		BF00459223E5597000F07111 /* Support  */ = {
			isa = PBXGroup;
			children = (
				BF00459323E5597000F07111 /* Log.swift */,
				BF00459423E5597000F07111 /* Timer.swift */,
				BF00459523E5597000F07111 /* EnglishWord.swift */,
				BF71F56823E827A90016ED08 /* Label.swift */,
				BF71F56D23E83EFE0016ED08 /* VisibilityModifier.swift */,
				BF5DEF0C23F022A40010D55D /* Mutex.swift */,
				BF805E4523F81B6400960CF2 /* RecursiveLock.swift */,
				BF34189A23FAD7CD00F3656C /* EnumeratedArray.swift */,
			);
			path = "Support ";
			sourceTree = "<group>";
		};
		BF00459823E5597000F07111 /* Pointers and Pointer Support */ = {
			isa = PBXGroup;
			children = (
				BF00459923E5597000F07111 /* Type Pointers */,
				BF00459F23E5597000F07111 /* Base Pointers */,
				BF0045A823E5597000F07111 /* Collection Pointers */,
				BF0045BA23E5597000F07111 /* Executable Pointers */,
			);
			path = "Pointers and Pointer Support";
			sourceTree = "<group>";
		};
		BF00459923E5597000F07111 /* Type Pointers */ = {
			isa = PBXGroup;
			children = (
				BF71F56F23E840B90016ED08 /* VergePointer.swift */,
				BF71F56B23E83C570016ED08 /* SeamPointer.swift */,
				BF00459A23E5597000F07111 /* ContractPointer.swift */,
				BF00459B23E5597000F07111 /* EnumerationPointer.swift */,
				BF00459C23E5597000F07111 /* ScalarTypePointer.swift */,
				BF00459D23E5597000F07111 /* TypePointer.swift */,
				BF00459E23E5597000F07111 /* ScalarPointer.swift */,
			);
			path = "Type Pointers";
			sourceTree = "<group>";
		};
		BF00459F23E5597000F07111 /* Base Pointers */ = {
			isa = PBXGroup;
			children = (
				BF0045A023E5597000F07111 /* VirtualSlotTypePointer.swift */,
				BF0045A123E5597000F07111 /* ObjectPointer.swift */,
				BF0045A223E5597000F07111 /* SlotPointer.swift */,
				BF0045A323E5597000F07111 /* SystemSlotTypePointer.swift */,
				BF0045A423E5597000F07111 /* SystemSlotPointer.swift */,
				BF0045A523E5597000F07111 /* VirtualSlotPointer.swift */,
				BF0045A623E5597000F07111 /* ValuePointer.swift */,
				BF0045A723E5597000F07111 /* ObjectTypePointer.swift */,
				BF3C475023E89F1C008BCF13 /* SlotValue.swift */,
			);
			path = "Base Pointers";
			sourceTree = "<group>";
		};
		BF0045A823E5597000F07111 /* Collection Pointers */ = {
			isa = PBXGroup;
			children = (
				BF0045B323E5597000F07111 /* ArrayPointer.swift */,
				BF0045AD23E5597000F07111 /* Association.swift */,
				BF0045B023E5597000F07111 /* BitSetPointer.swift */,
				BF0045B423E5597000F07111 /* ByteArrayPointer.swift */,
				BF0045B123E5597000F07111 /* CollectionPointer.swift */,
				BF0045B823E5597000F07111 /* DictionaryBucketNodePointer.swift */,
				BF0045A923E5597000F07111 /* DictionaryPointer.swift */,
				BF0045AB23E5597000F07111 /* ImmutableStringPointer.swift */,
				BF0045AE23E5597000F07111 /* ListNodePointer.swift */,
				BF0045AA23E5597000F07111 /* ListPointer.swift */,
				BF0045B523E5597000F07111 /* PackageElementPointer.swift */,
				BF0045B723E5597000F07111 /* PackagePointer.swift */,
				BF0045AC23E5597000F07111 /* SetPointer.swift */,
				BF0045B223E5597000F07111 /* StringPointer.swift */,
				BF0045AF23E5597000F07111 /* TreeNodePointer.swift */,
				BF0045B923E5597000F07111 /* TreePointer.swift */,
				BF0045B623E5597000F07111 /* WordBlockPointer.swift */,
			);
			path = "Collection Pointers";
			sourceTree = "<group>";
		};
		BF0045BA23E5597000F07111 /* Executable Pointers */ = {
			isa = PBXGroup;
			children = (
				BF0045BB23E5597000F07111 /* CodeBlockPointer.swift */,
				BF0045BC23E5597000F07111 /* MethodInstancePointer.swift */,
				BF0045BD23E5597000F07111 /* ClosurePointer.swift */,
				BF0045BE23E5597000F07111 /* MethodPointer.swift */,
			);
			path = "Executable Pointers";
			sourceTree = "<group>";
		};
		BF0045BF23E5597000F07111 /* Preview Content */ = {
			isa = PBXGroup;
			children = (
				BF0045C023E5597000F07111 /* Preview Assets.xcassets */,
			);
			name = "Preview Content";
			path = "../../argon/argon/Preview Content";
			sourceTree = "<group>";
		};
		BF00460C23E5598400F07111 /* RawMemory */ = {
			isa = PBXGroup;
			children = (
				BF00460D23E5598400F07111 /* RawMemory.h */,
				BF00460E23E5598400F07111 /* RawMemory.c */,
				BF00460F23E5598400F07111 /* module.modulemap */,
			);
			path = RawMemory;
			sourceTree = "<group>";
		};
		BF36C98C23FA0096000C4136 /* Opcodes */ = {
			isa = PBXGroup;
			children = (
				BF36C95623F9FD0C000C4136 /* ADDInstruction.swift */,
				BF36C96023F9FDCD000C4136 /* ANDInstruction.swift */,
				BF36C95423F9FCFF000C4136 /* ArithmeticInstruction.swift */,
				BF36C96E23F9FEC5000C4136 /* BREQInstruction.swift */,
				BF36C97623F9FF42000C4136 /* BRGTInstruction.swift */,
				BF36C96A23F9FE55000C4136 /* BRInstruction.swift */,
				BF36C97C23F9FF6D000C4136 /* BRLTEQInstruction.swift */,
				BF36C97A23F9FF5F000C4136 /* BRLTInstruction.swift */,
				BF36C97023F9FED5000C4136 /* BRNEQInstruction.swift */,
				BF36C97423F9FEEC000C4136 /* BRNZInstruction.swift */,
				BF36C97223F9FEE1000C4136 /* BRZInstruction.swift */,
				BF36C97823F9FF53000C4136 /* BTGTEQInstruction.swift */,
				BF36C98223F9FFDB000C4136 /* CALLInstruction.swift */,
				BFA5E1C523FC4D1500DE9427 /* CoercionInstruction.swift */,
				BFA5E1CB23FC50B700DE9427 /* COERCEF32Instruction.swift */,
				BFA5E1CD23FC738400DE9427 /* COERCEF64Instruction.swift */,
				BFA5E1C723FC4EC900DE9427 /* COERCEINTInstruction.swift */,
				BF36C96C23F9FE9C000C4136 /* ConditionalBranchInstruction.swift */,
				BFA5E1C923FC507E00DE9427 /* COUF32Instruction.swift */,
				BF36C98A23FA0053000C4136 /* DISPInstruction.swift */,
				BF36C95C23F9FD34000C4136 /* DIVInstruction.swift */,
				BF36C98623FA0037000C4136 /* ENTERInstruction.swift */,
				BF36C98823FA0047000C4136 /* LEAVEInstruction.swift */,
				BF36C95223F9FCE2000C4136 /* MAKEInstruction.swift */,
				BF36C95E23F9FD3E000C4136 /* MODInstruction.swift */,
				BF36C96823F9FE46000C4136 /* MOVInstruction.swift */,
				BF36C95A23F9FD24000C4136 /* MULInstruction.swift */,
				BF36C98D23FA1D49000C4136 /* NOPInstruction.swift */,
				BF36C96623F9FDF6000C4136 /* NOTInstruction.swift */,
				BF36C96223F9FDDD000C4136 /* ORInstruction.swift */,
				BF36C95023F9FC90000C4136 /* POPInstruction.swift */,
				BF36C94E23F9FC82000C4136 /* PUSHInstruction.swift */,
				BF36C98F23FA1D59000C4136 /* PUSHPARMInstruction.swift */,
				BF36C98423F9FFEA000C4136 /* RETInstruction.swift */,
				BF36C97E23F9FFBF000C4136 /* SLOTGETInstruction.swift */,
				BF36C98023F9FFCF000C4136 /* SLOTSETInstruction.swift */,
				BF36C95823F9FD18000C4136 /* SUBInstruction.swift */,
				BF36C96423F9FDE8000C4136 /* XORInstruction.swift */,
			);
			path = Opcodes;
			sourceTree = "<group>";
		};
		BF3C475223E8BF0B008BCF13 /* Execution */ = {
			isa = PBXGroup;
			children = (
				BF3C475323E8BF29008BCF13 /* Thread.swift */,
				BF3C475523E8C615008BCF13 /* Method.swift */,
				BF3C475723E8C621008BCF13 /* MethodInstance.swift */,
				BF3C475923E8C634008BCF13 /* MethodDispatchGraph.swift */,
			);
			path = Execution;
			sourceTree = "<group>";
		};
/* End PBXGroup section */

/* Begin PBXNativeTarget section */
		BF00455323E5592D00F07111 /* ProtonX */ = {
			isa = PBXNativeTarget;
			buildConfigurationList = BF00456923E5592D00F07111 /* Build configuration list for PBXNativeTarget "ProtonX" */;
			buildPhases = (
				BF00455023E5592D00F07111 /* Sources */,
				BF00455123E5592D00F07111 /* Frameworks */,
				BF00455223E5592D00F07111 /* Resources */,
			);
			buildRules = (
			);
			dependencies = (
			);
			name = ProtonX;
			productName = ProtonX;
			productReference = BF00455423E5592D00F07111 /* ProtonX.app */;
			productType = "com.apple.product-type.application";
		};
/* End PBXNativeTarget section */

/* Begin PBXProject section */
		BF00454C23E5592D00F07111 /* Project object */ = {
			isa = PBXProject;
			attributes = {
				LastSwiftUpdateCheck = 1130;
				LastUpgradeCheck = 1130;
				ORGANIZATIONNAME = macsemantics;
				TargetAttributes = {
					BF00455323E5592D00F07111 = {
						CreatedOnToolsVersion = 11.3;
					};
				};
			};
			buildConfigurationList = BF00454F23E5592D00F07111 /* Build configuration list for PBXProject "ProtonX" */;
			compatibilityVersion = "Xcode 9.3";
			developmentRegion = en;
			hasScannedForEncodings = 0;
			knownRegions = (
				en,
				Base,
			);
			mainGroup = BF00454B23E5592D00F07111;
			productRefGroup = BF00455523E5592D00F07111 /* Products */;
			projectDirPath = "";
			projectRoot = "";
			targets = (
				BF00455323E5592D00F07111 /* ProtonX */,
			);
		};
/* End PBXProject section */

/* Begin PBXResourcesBuildPhase section */
		BF00455223E5592D00F07111 /* Resources */ = {
			isa = PBXResourcesBuildPhase;
			buildActionMask = 2147483647;
			files = (
				BF00460B23E5597100F07111 /* LanguageTester.argon in Resources */,
				BF0045E623E5597100F07111 /* Words.text in Resources */,
				BF00456423E5592D00F07111 /* Main.storyboard in Resources */,
				BF00460A23E5597100F07111 /* Preview Assets.xcassets in Resources */,
				BF00456123E5592D00F07111 /* Preview Assets.xcassets in Resources */,
				BF00455E23E5592D00F07111 /* Assets.xcassets in Resources */,
			);
			runOnlyForDeploymentPostprocessing = 0;
		};
/* End PBXResourcesBuildPhase section */

/* Begin PBXSourcesBuildPhase section */
		BF00455023E5592D00F07111 /* Sources */ = {
			isa = PBXSourcesBuildPhase;
			buildActionMask = 2147483647;
			files = (
				BF00460323E5597100F07111 /* PackagePointer.swift in Sources */,
				BF0045E323E5597100F07111 /* Log.swift in Sources */,
				BF36C96123F9FDCD000C4136 /* ANDInstruction.swift in Sources */,
				BF3C475123E89F1C008BCF13 /* SlotValue.swift in Sources */,
				BF24890323FD92B400241E4B /* Proton.UInteger+Extensions.swift in Sources */,
				BF0045D423E5597000F07111 /* Proton.Address + Extensions.swift in Sources */,
				BF00455A23E5592D00F07111 /* Document.swift in Sources */,
				BF0045ED23E5597100F07111 /* VirtualSlotTypePointer.swift in Sources */,
				BF36C98923FA0047000C4136 /* LEAVEInstruction.swift in Sources */,
				BF0045E123E5597100F07111 /* Value.swift in Sources */,
				BF0045E223E5597100F07111 /* NamedPointer.swift in Sources */,
				BF0045DF23E5597100F07111 /* CollectionValue.swift in Sources */,
				BF0045FD23E5597100F07111 /* CollectionPointer.swift in Sources */,
				BF0045CD23E5597000F07111 /* Array+Extensions.swift in Sources */,
				BF36C95D23F9FD34000C4136 /* DIVInstruction.swift in Sources */,
				BF2488FB23FD2A2F00241E4B /* Double+Extensions.swift in Sources */,
				BFA5E1C823FC4EC900DE9427 /* COERCEINTInstruction.swift in Sources */,
				BF36C99023FA1D59000C4136 /* PUSHPARMInstruction.swift in Sources */,
				BF00460623E5597100F07111 /* CodeBlockPointer.swift in Sources */,
				BF0045E823E5597100F07111 /* ContractPointer.swift in Sources */,
				BF36C96523F9FDE8000C4136 /* XORInstruction.swift in Sources */,
				BF2488FF23FD924D00241E4B /* Proton.Float32+Extensions.swift in Sources */,
				BF0045DE23E5597100F07111 /* HashableValue.swift in Sources */,
				BF00455823E5592D00F07111 /* AppDelegate.swift in Sources */,
				BF36C97D23F9FF6D000C4136 /* BRLTEQInstruction.swift in Sources */,
				BF3C475A23E8C634008BCF13 /* MethodDispatchGraph.swift in Sources */,
				BF36C97323F9FEE1000C4136 /* BRZInstruction.swift in Sources */,
				BF36C97523F9FEEC000C4136 /* BRNZInstruction.swift in Sources */,
				BF0045C623E5597000F07111 /* MemorySegment.swift in Sources */,
				BF36C97B23F9FF5F000C4136 /* BRLTInstruction.swift in Sources */,
				BF36C96B23F9FE55000C4136 /* BRInstruction.swift in Sources */,
				BF0045FF23E5597100F07111 /* ArrayPointer.swift in Sources */,
				BF0045DD23E5597100F07111 /* Pointer.swift in Sources */,
				BF34189B23FAD7CD00F3656C /* EnumeratedArray.swift in Sources */,
				BF0045DB23E5597000F07111 /* TreeValue.swift in Sources */,
				BF36C98523F9FFEA000C4136 /* RETInstruction.swift in Sources */,
				BF71F57023E840B90016ED08 /* VergePointer.swift in Sources */,
				BF0045CA23E5597000F07111 /* ManagedSegment.swift in Sources */,
				BF0045F723E5597100F07111 /* ImmutableStringPointer.swift in Sources */,
				BF36C97923F9FF53000C4136 /* BTGTEQInstruction.swift in Sources */,
				BF0045CE23E5597000F07111 /* Int+Extensions.swift in Sources */,
				BF00461023E5598400F07111 /* RawMemory.c in Sources */,
				BF36C98E23FA1D49000C4136 /* NOPInstruction.swift in Sources */,
				BF00460723E5597100F07111 /* MethodInstancePointer.swift in Sources */,
				BF0045D623E5597000F07111 /* Word+Extensions.swift in Sources */,
				BF36C96323F9FDDD000C4136 /* ORInstruction.swift in Sources */,
				BF00460023E5597100F07111 /* ByteArrayPointer.swift in Sources */,
				BF0045C523E5597000F07111 /* InstructionVector.swift in Sources */,
				BF0045FB23E5597100F07111 /* TreeNodePointer.swift in Sources */,
				BF00460123E5597100F07111 /* PackageElementPointer.swift in Sources */,
				BF36C95B23F9FD24000C4136 /* MULInstruction.swift in Sources */,
				BF0045E923E5597100F07111 /* EnumerationPointer.swift in Sources */,
				BF0045F323E5597100F07111 /* ValuePointer.swift in Sources */,
				BFA5E1CA23FC507E00DE9427 /* COUF32Instruction.swift in Sources */,
				BF24890123FD927B00241E4B /* Proton.Boolean+Extensions.swift in Sources */,
				BF0045D223E5597000F07111 /* String+Hashing.swift in Sources */,
				BF0045D723E5597000F07111 /* ValueHolder.swift in Sources */,
				BF0045EA23E5597100F07111 /* ScalarTypePointer.swift in Sources */,
				BF0045FA23E5597100F07111 /* ListNodePointer.swift in Sources */,
				BF36C96723F9FDF6000C4136 /* NOTInstruction.swift in Sources */,
				BF0045F023E5597100F07111 /* SystemSlotTypePointer.swift in Sources */,
				BF36C94B23F9FB8F000C4136 /* PersistentSegment.swift in Sources */,
				BF34189923FAD7A000F3656C /* Float+Extensions.swift in Sources */,
				BF0045FC23E5597100F07111 /* BitSetPointer.swift in Sources */,
				BF0045CC23E5597000F07111 /* Line.swift in Sources */,
				BF0045CB23E5597000F07111 /* StaticSegment.swift in Sources */,
				BF0045F223E5597100F07111 /* VirtualSlotPointer.swift in Sources */,
				BF2488FD23FD91BF00241E4B /* Proton.Byte+Extensions.swift in Sources */,
				BF0045F523E5597100F07111 /* DictionaryPointer.swift in Sources */,
				BF0045EC23E5597100F07111 /* ScalarPointer.swift in Sources */,
				BF36C98323F9FFDB000C4136 /* CALLInstruction.swift in Sources */,
				BF0045FE23E5597100F07111 /* StringPointer.swift in Sources */,
				BF00460923E5597100F07111 /* MethodPointer.swift in Sources */,
				BF0045D323E5597000F07111 /* SlotOffset+Extensions.swift in Sources */,
				BF00460223E5597100F07111 /* WordBlockPointer.swift in Sources */,
				BF36C95523F9FCFF000C4136 /* ArithmeticInstruction.swift in Sources */,
				BF0045C223E5597000F07111 /* BitSet.swift in Sources */,
				BF71F57423E87CDB0016ED08 /* CachedPointer.swift in Sources */,
				BF00460423E5597100F07111 /* DictionaryBucketNodePointer.swift in Sources */,
				BF0045C923E5597000F07111 /* Header.swift in Sources */,
				BF0045C323E5597000F07111 /* StackSegment.swift in Sources */,
				BF5DEF0B23F00F910010D55D /* WordPointer.swift in Sources */,
				BF36C98123F9FFCF000C4136 /* SLOTSETInstruction.swift in Sources */,
				BF36C94F23F9FC82000C4136 /* PUSHInstruction.swift in Sources */,
				BF36C98B23FA0053000C4136 /* DISPInstruction.swift in Sources */,
				BF0045D923E5597000F07111 /* IndexVector.swift in Sources */,
				BF0045E423E5597100F07111 /* Timer.swift in Sources */,
				BF36C97723F9FF42000C4136 /* BRGTInstruction.swift in Sources */,
				BF0045C423E5597000F07111 /* CodeSegment.swift in Sources */,
				BF0045E723E5597100F07111 /* Proton.swift in Sources */,
				BF5DEF0D23F022A40010D55D /* Mutex.swift in Sources */,
				BF0045F623E5597100F07111 /* ListPointer.swift in Sources */,
				BF36C95123F9FC90000C4136 /* POPInstruction.swift in Sources */,
				BF0045EE23E5597100F07111 /* ObjectPointer.swift in Sources */,
				BF36C96923F9FE46000C4136 /* MOVInstruction.swift in Sources */,
				BF0045E023E5597100F07111 /* Key.swift in Sources */,
				BF0045F823E5597100F07111 /* SetPointer.swift in Sources */,
				BF0045D523E5597000F07111 /* SlotIndex+Extensions.swift in Sources */,
				BFA5E1CE23FC738400DE9427 /* COERCEF64Instruction.swift in Sources */,
				BFA5E1C623FC4D1500DE9427 /* CoercionInstruction.swift in Sources */,
				BF0045C723E5597000F07111 /* DataSegment.swift in Sources */,
				BF0045F423E5597100F07111 /* ObjectTypePointer.swift in Sources */,
				BF3C475423E8BF29008BCF13 /* Thread.swift in Sources */,
				BF805E4623F81B6400960CF2 /* RecursiveLock.swift in Sources */,
				BF36C95323F9FCE2000C4136 /* MAKEInstruction.swift in Sources */,
				BF0045F123E5597100F07111 /* SystemSlotPointer.swift in Sources */,
				BF0045D123E5597000F07111 /* Float64+Extensions.swift in Sources */,
				BF0045DC23E5597100F07111 /* ScalarValue.swift in Sources */,
				BF0045E523E5597100F07111 /* EnglishWord.swift in Sources */,
				BF71F56923E827A90016ED08 /* Label.swift in Sources */,
				BF0045EB23E5597100F07111 /* TypePointer.swift in Sources */,
				BF36C95723F9FD0C000C4136 /* ADDInstruction.swift in Sources */,
				BF0045D823E5597000F07111 /* Instruction.swift in Sources */,
				BF36C97123F9FED5000C4136 /* BRNEQInstruction.swift in Sources */,
				BF3C475623E8C615008BCF13 /* Method.swift in Sources */,
				BF36C95923F9FD18000C4136 /* SUBInstruction.swift in Sources */,
				BF0045C823E5597000F07111 /* Memory.swift in Sources */,
				BF71F56E23E83EFE0016ED08 /* VisibilityModifier.swift in Sources */,
				BF71F56C23E83C570016ED08 /* SeamPointer.swift in Sources */,
				BF36C98723FA0037000C4136 /* ENTERInstruction.swift in Sources */,
				BF36C95F23F9FD3E000C4136 /* MODInstruction.swift in Sources */,
				BF36C96F23F9FEC5000C4136 /* BREQInstruction.swift in Sources */,
				BF00460523E5597100F07111 /* TreePointer.swift in Sources */,
				BF3C475823E8C621008BCF13 /* MethodInstance.swift in Sources */,
				BFA5E1CC23FC50B700DE9427 /* COERCEF32Instruction.swift in Sources */,
				BF0045CF23E5597000F07111 /* Proton.Integer+Extensions.swift in Sources */,
				BF00460823E5597100F07111 /* ClosurePointer.swift in Sources */,
				BF0045F923E5597100F07111 /* Association.swift in Sources */,
				BF36C94D23F9FBC0000C4136 /* PersistentPage.swift in Sources */,
				BF00455C23E5592D00F07111 /* ContentView.swift in Sources */,
				BF36C97F23F9FFBF000C4136 /* SLOTGETInstruction.swift in Sources */,
				BF0045EF23E5597100F07111 /* SlotPointer.swift in Sources */,
				BF36C96D23F9FE9C000C4136 /* ConditionalBranchInstruction.swift in Sources */,
			);
			runOnlyForDeploymentPostprocessing = 0;
		};
/* End PBXSourcesBuildPhase section */

/* Begin PBXVariantGroup section */
		BF00456223E5592D00F07111 /* Main.storyboard */ = {
			isa = PBXVariantGroup;
			children = (
				BF00456323E5592D00F07111 /* Base */,
			);
			name = Main.storyboard;
			sourceTree = "<group>";
		};
/* End PBXVariantGroup section */

/* Begin XCBuildConfiguration section */
		BF00456723E5592D00F07111 /* Debug */ = {
			isa = XCBuildConfiguration;
			buildSettings = {
				ALWAYS_SEARCH_USER_PATHS = NO;
				CLANG_ANALYZER_NONNULL = YES;
				CLANG_ANALYZER_NUMBER_OBJECT_CONVERSION = YES_AGGRESSIVE;
				CLANG_CXX_LANGUAGE_STANDARD = "gnu++14";
				CLANG_CXX_LIBRARY = "libc++";
				CLANG_ENABLE_MODULES = YES;
				CLANG_ENABLE_OBJC_ARC = YES;
				CLANG_ENABLE_OBJC_WEAK = YES;
				CLANG_WARN_BLOCK_CAPTURE_AUTORELEASING = YES;
				CLANG_WARN_BOOL_CONVERSION = YES;
				CLANG_WARN_COMMA = YES;
				CLANG_WARN_CONSTANT_CONVERSION = YES;
				CLANG_WARN_DEPRECATED_OBJC_IMPLEMENTATIONS = YES;
				CLANG_WARN_DIRECT_OBJC_ISA_USAGE = YES_ERROR;
				CLANG_WARN_DOCUMENTATION_COMMENTS = YES;
				CLANG_WARN_EMPTY_BODY = YES;
				CLANG_WARN_ENUM_CONVERSION = YES;
				CLANG_WARN_INFINITE_RECURSION = YES;
				CLANG_WARN_INT_CONVERSION = YES;
				CLANG_WARN_NON_LITERAL_NULL_CONVERSION = YES;
				CLANG_WARN_OBJC_IMPLICIT_RETAIN_SELF = YES;
				CLANG_WARN_OBJC_LITERAL_CONVERSION = YES;
				CLANG_WARN_OBJC_ROOT_CLASS = YES_ERROR;
				CLANG_WARN_RANGE_LOOP_ANALYSIS = YES;
				CLANG_WARN_STRICT_PROTOTYPES = YES;
				CLANG_WARN_SUSPICIOUS_MOVE = YES;
				CLANG_WARN_UNGUARDED_AVAILABILITY = YES_AGGRESSIVE;
				CLANG_WARN_UNREACHABLE_CODE = YES;
				CLANG_WARN__DUPLICATE_METHOD_MATCH = YES;
				COPY_PHASE_STRIP = NO;
				DEBUG_INFORMATION_FORMAT = dwarf;
				ENABLE_STRICT_OBJC_MSGSEND = YES;
				ENABLE_TESTABILITY = YES;
				GCC_C_LANGUAGE_STANDARD = gnu11;
				GCC_DYNAMIC_NO_PIC = NO;
				GCC_NO_COMMON_BLOCKS = YES;
				GCC_OPTIMIZATION_LEVEL = 0;
				GCC_PREPROCESSOR_DEFINITIONS = (
					"DEBUG=1",
					"$(inherited)",
				);
				GCC_WARN_64_TO_32_BIT_CONVERSION = YES;
				GCC_WARN_ABOUT_RETURN_TYPE = YES_ERROR;
				GCC_WARN_UNDECLARED_SELECTOR = YES;
				GCC_WARN_UNINITIALIZED_AUTOS = YES_AGGRESSIVE;
				GCC_WARN_UNUSED_FUNCTION = YES;
				GCC_WARN_UNUSED_VARIABLE = YES;
				MACOSX_DEPLOYMENT_TARGET = 10.15;
				MTL_ENABLE_DEBUG_INFO = INCLUDE_SOURCE;
				MTL_FAST_MATH = YES;
				ONLY_ACTIVE_ARCH = YES;
				SDKROOT = macosx;
				SWIFT_ACTIVE_COMPILATION_CONDITIONS = DEBUG;
				SWIFT_OPTIMIZATION_LEVEL = "-Onone";
			};
			name = Debug;
		};
		BF00456823E5592D00F07111 /* Release */ = {
			isa = XCBuildConfiguration;
			buildSettings = {
				ALWAYS_SEARCH_USER_PATHS = NO;
				CLANG_ANALYZER_NONNULL = YES;
				CLANG_ANALYZER_NUMBER_OBJECT_CONVERSION = YES_AGGRESSIVE;
				CLANG_CXX_LANGUAGE_STANDARD = "gnu++14";
				CLANG_CXX_LIBRARY = "libc++";
				CLANG_ENABLE_MODULES = YES;
				CLANG_ENABLE_OBJC_ARC = YES;
				CLANG_ENABLE_OBJC_WEAK = YES;
				CLANG_WARN_BLOCK_CAPTURE_AUTORELEASING = YES;
				CLANG_WARN_BOOL_CONVERSION = YES;
				CLANG_WARN_COMMA = YES;
				CLANG_WARN_CONSTANT_CONVERSION = YES;
				CLANG_WARN_DEPRECATED_OBJC_IMPLEMENTATIONS = YES;
				CLANG_WARN_DIRECT_OBJC_ISA_USAGE = YES_ERROR;
				CLANG_WARN_DOCUMENTATION_COMMENTS = YES;
				CLANG_WARN_EMPTY_BODY = YES;
				CLANG_WARN_ENUM_CONVERSION = YES;
				CLANG_WARN_INFINITE_RECURSION = YES;
				CLANG_WARN_INT_CONVERSION = YES;
				CLANG_WARN_NON_LITERAL_NULL_CONVERSION = YES;
				CLANG_WARN_OBJC_IMPLICIT_RETAIN_SELF = YES;
				CLANG_WARN_OBJC_LITERAL_CONVERSION = YES;
				CLANG_WARN_OBJC_ROOT_CLASS = YES_ERROR;
				CLANG_WARN_RANGE_LOOP_ANALYSIS = YES;
				CLANG_WARN_STRICT_PROTOTYPES = YES;
				CLANG_WARN_SUSPICIOUS_MOVE = YES;
				CLANG_WARN_UNGUARDED_AVAILABILITY = YES_AGGRESSIVE;
				CLANG_WARN_UNREACHABLE_CODE = YES;
				CLANG_WARN__DUPLICATE_METHOD_MATCH = YES;
				COPY_PHASE_STRIP = NO;
				DEBUG_INFORMATION_FORMAT = "dwarf-with-dsym";
				ENABLE_NS_ASSERTIONS = NO;
				ENABLE_STRICT_OBJC_MSGSEND = YES;
				GCC_C_LANGUAGE_STANDARD = gnu11;
				GCC_NO_COMMON_BLOCKS = YES;
				GCC_WARN_64_TO_32_BIT_CONVERSION = YES;
				GCC_WARN_ABOUT_RETURN_TYPE = YES_ERROR;
				GCC_WARN_UNDECLARED_SELECTOR = YES;
				GCC_WARN_UNINITIALIZED_AUTOS = YES_AGGRESSIVE;
				GCC_WARN_UNUSED_FUNCTION = YES;
				GCC_WARN_UNUSED_VARIABLE = YES;
				MACOSX_DEPLOYMENT_TARGET = 10.15;
				MTL_ENABLE_DEBUG_INFO = NO;
				MTL_FAST_MATH = YES;
				SDKROOT = macosx;
				SWIFT_COMPILATION_MODE = wholemodule;
				SWIFT_OPTIMIZATION_LEVEL = "-O";
			};
			name = Release;
		};
		BF00456A23E5592D00F07111 /* Debug */ = {
			isa = XCBuildConfiguration;
			buildSettings = {
				ASSETCATALOG_COMPILER_APPICON_NAME = AppIcon;
				CODE_SIGN_ENTITLEMENTS = ProtonX/ProtonX.entitlements;
				CODE_SIGN_STYLE = Automatic;
				COMBINE_HIDPI_IMAGES = YES;
				DEVELOPMENT_ASSET_PATHS = "\"ProtonX/Preview Content\"";
				DEVELOPMENT_TEAM = DLH9UBQV34;
				ENABLE_HARDENED_RUNTIME = YES;
				ENABLE_PREVIEWS = YES;
				INFOPLIST_FILE = ProtonX/Info.plist;
				LD_RUNPATH_SEARCH_PATHS = (
					"$(inherited)",
					"@executable_path/../Frameworks",
				);
				MACOSX_DEPLOYMENT_TARGET = 10.15;
				PRODUCT_BUNDLE_IDENTIFIER = com.macsemantics.ProtonX;
				PRODUCT_NAME = "$(TARGET_NAME)";
				SWIFT_INCLUDE_PATHS = "${SRCROOT}/ProtonX/RawMemory";
				SWIFT_VERSION = 5.0;
			};
			name = Debug;
		};
		BF00456B23E5592D00F07111 /* Release */ = {
			isa = XCBuildConfiguration;
			buildSettings = {
				ASSETCATALOG_COMPILER_APPICON_NAME = AppIcon;
				CODE_SIGN_ENTITLEMENTS = ProtonX/ProtonX.entitlements;
				CODE_SIGN_STYLE = Automatic;
				COMBINE_HIDPI_IMAGES = YES;
				DEVELOPMENT_ASSET_PATHS = "\"ProtonX/Preview Content\"";
				DEVELOPMENT_TEAM = DLH9UBQV34;
				ENABLE_HARDENED_RUNTIME = YES;
				ENABLE_PREVIEWS = YES;
				INFOPLIST_FILE = ProtonX/Info.plist;
				LD_RUNPATH_SEARCH_PATHS = (
					"$(inherited)",
					"@executable_path/../Frameworks",
				);
				MACOSX_DEPLOYMENT_TARGET = 10.15;
				PRODUCT_BUNDLE_IDENTIFIER = com.macsemantics.ProtonX;
				PRODUCT_NAME = "$(TARGET_NAME)";
				SWIFT_INCLUDE_PATHS = "${SRCROOT}/ProtonX/RawMemory";
				SWIFT_VERSION = 5.0;
			};
			name = Release;
		};
/* End XCBuildConfiguration section */

/* Begin XCConfigurationList section */
		BF00454F23E5592D00F07111 /* Build configuration list for PBXProject "ProtonX" */ = {
			isa = XCConfigurationList;
			buildConfigurations = (
				BF00456723E5592D00F07111 /* Debug */,
				BF00456823E5592D00F07111 /* Release */,
			);
			defaultConfigurationIsVisible = 0;
			defaultConfigurationName = Release;
		};
		BF00456923E5592D00F07111 /* Build configuration list for PBXNativeTarget "ProtonX" */ = {
			isa = XCConfigurationList;
			buildConfigurations = (
				BF00456A23E5592D00F07111 /* Debug */,
				BF00456B23E5592D00F07111 /* Release */,
			);
			defaultConfigurationIsVisible = 0;
			defaultConfigurationName = Release;
		};
/* End XCConfigurationList section */
	};
	rootObject = BF00454C23E5592D00F07111 /* Project object */;
}
